
Microsoft Visual Studio Solution File, Format Version 12.00
# Visual Studio Version 17
VisualStudioVersion = 17.2.32526.322
MinimumVisualStudioVersion = 10.0.40219.1
Project("{9A19103F-16F7-4668-BE54-9A1E7A4F7556}") = "MN.L10n", "MN.L10n\MN.L10n.csproj", "{C224FF20-ACA4-4F7A-81C9-477F3DDE751A}"
EndProject
Project("{2150E333-8FDC-42A3-9474-1A3956D46DE8}") = "Solution Items", "Solution Items", "{A86D8E4F-5D4C-484C-8EB0-8D103DFF7C7A}"
	ProjectSection(SolutionItems) = preProject
		.editorconfig = .editorconfig
		.gitattributes = .gitattributes
		.gitignore = .gitignore
		CONTRIBUTING.md = CONTRIBUTING.md
		LICENSE.txt = LICENSE.txt
		README.md = README.md
		TROUBLESHOOTING.md = TROUBLESHOOTING.md
	EndProjectSection
EndProject
Project("{9A19103F-16F7-4668-BE54-9A1E7A4F7556}") = "MN.L10n.Javascript", "MN.L10n.Javascript\MN.L10n.Javascript.csproj", "{C2F42349-0F94-4291-A5E9-62806A3960FA}"
EndProject
Project("{9A19103F-16F7-4668-BE54-9A1E7A4F7556}") = "MN.L10n.Mvc", "MN.L10n.Mvc\MN.L10n.Mvc.csproj", "{EEF87587-7240-433D-BD94-8CE635BE6F2E}"
EndProject
Project("{9A19103F-16F7-4668-BE54-9A1E7A4F7556}") = "MN.L10n.BuildTasks", "MN.L10n.BuildTasks\MN.L10n.BuildTasks.csproj", "{8E6EE15C-5AC8-43A3-9981-AAB51B266E32}"
EndProject
Project("{9A19103F-16F7-4668-BE54-9A1E7A4F7556}") = "MN.L10n.Javascript.Core", "MN.L10n.Javascript.Core\MN.L10n.Javascript.Core.csproj", "{5039D580-827F-462B-BB62-754B1D04C5F3}"
EndProject
Project("{9A19103F-16F7-4668-BE54-9A1E7A4F7556}") = "MN.L10n.Javascript.Shared", "MN.L10n.Javascript.Shared\MN.L10n.Javascript.Shared.csproj", "{BBD0C155-331B-4CB2-A1CE-E8DABF597697}"
EndProject
Project("{9A19103F-16F7-4668-BE54-9A1E7A4F7556}") = "MN.L10n.Analyzer", "MN.L10n.Analyzer\MN.L10n.Analyzer\MN.L10n.Analyzer.csproj", "{C47AC9D6-C6AF-45A6-9596-3A63B48EEA9C}"
EndProject
Project("{9A19103F-16F7-4668-BE54-9A1E7A4F7556}") = "MN.L10n.Analyzer.Test", "MN.L10n.Analyzer\MN.L10n.Analyzer.Test\MN.L10n.Analyzer.Test.csproj", "{45A4B5FB-A04C-40E0-BA01-250E2E6C308B}"
EndProject
Project("{FAE04EC0-301F-11D3-BF4B-00C04F79EFBC}") = "MN.L10n.Analyzer.Vsix", "MN.L10n.Analyzer\MN.L10n.Analyzer.Vsix\MN.L10n.Analyzer.Vsix.csproj", "{0FBE481E-769A-4818-896E-3CD4580CA7A2}"
EndProject
Project("{9A19103F-16F7-4668-BE54-9A1E7A4F7556}") = "MN.L10n.SystemWeb", "MN.L10n.SystemWeb\MN.L10n.SystemWeb.csproj", "{8096E105-0A0B-446F-89DE-599312C7E25E}"
EndProject
Project("{9A19103F-16F7-4668-BE54-9A1E7A4F7556}") = "MN.L10n.Tests", "MN.L10n.Tests\MN.L10n.Tests.csproj", "{80D8F7EE-7A63-41DB-9FD4-D0D4D1D69F21}"
EndProject
Project("{9A19103F-16F7-4668-BE54-9A1E7A4F7556}") = "dotnet-l10n-buildtask", "dotnet-l10n-buildtask\dotnet-l10n-buildtask.csproj", "{4CB11774-2E67-44FD-99C2-FCE1BCD31F77}"
EndProject
Project("{9A19103F-16F7-4668-BE54-9A1E7A4F7556}") = "MN.L10n.TestWebApp", "MN.L10n.TestWebApp\MN.L10n.TestWebApp.csproj", "{C7B09D09-093F-490E-B4AB-6FE2E22EEFB1}"
EndProject
Project("{9A19103F-16F7-4668-BE54-9A1E7A4F7556}") = "MN.L10n.JavascriptTranslationMiddleware", "MN.L10n.JavascriptTranslationMiddleware\MN.L10n.JavascriptTranslationMiddleware.csproj", "{296F4F0D-4020-486A-8EAE-F77AF23F7AD3}"
EndProject
Global
	GlobalSection(SolutionConfigurationPlatforms) = preSolution
		Debug|Any CPU = Debug|Any CPU
		Release|Any CPU = Release|Any CPU
	EndGlobalSection
	GlobalSection(ProjectConfigurationPlatforms) = postSolution
		{C224FF20-ACA4-4F7A-81C9-477F3DDE751A}.Debug|Any CPU.ActiveCfg = Debug|Any CPU
		{C224FF20-ACA4-4F7A-81C9-477F3DDE751A}.Debug|Any CPU.Build.0 = Debug|Any CPU
		{C224FF20-ACA4-4F7A-81C9-477F3DDE751A}.Release|Any CPU.ActiveCfg = Release|Any CPU
		{C224FF20-ACA4-4F7A-81C9-477F3DDE751A}.Release|Any CPU.Build.0 = Release|Any CPU
		{C2F42349-0F94-4291-A5E9-62806A3960FA}.Debug|Any CPU.ActiveCfg = Debug|Any CPU
		{C2F42349-0F94-4291-A5E9-62806A3960FA}.Debug|Any CPU.Build.0 = Debug|Any CPU
		{C2F42349-0F94-4291-A5E9-62806A3960FA}.Release|Any CPU.ActiveCfg = Release|Any CPU
		{C2F42349-0F94-4291-A5E9-62806A3960FA}.Release|Any CPU.Build.0 = Release|Any CPU
		{EEF87587-7240-433D-BD94-8CE635BE6F2E}.Debug|Any CPU.ActiveCfg = Debug|Any CPU
		{EEF87587-7240-433D-BD94-8CE635BE6F2E}.Debug|Any CPU.Build.0 = Debug|Any CPU
		{EEF87587-7240-433D-BD94-8CE635BE6F2E}.Release|Any CPU.ActiveCfg = Release|Any CPU
		{EEF87587-7240-433D-BD94-8CE635BE6F2E}.Release|Any CPU.Build.0 = Release|Any CPU
		{8E6EE15C-5AC8-43A3-9981-AAB51B266E32}.Debug|Any CPU.ActiveCfg = Debug|Any CPU
		{8E6EE15C-5AC8-43A3-9981-AAB51B266E32}.Debug|Any CPU.Build.0 = Debug|Any CPU
		{8E6EE15C-5AC8-43A3-9981-AAB51B266E32}.Release|Any CPU.ActiveCfg = Release|Any CPU
		{8E6EE15C-5AC8-43A3-9981-AAB51B266E32}.Release|Any CPU.Build.0 = Release|Any CPU
		{5039D580-827F-462B-BB62-754B1D04C5F3}.Debug|Any CPU.ActiveCfg = Debug|Any CPU
		{5039D580-827F-462B-BB62-754B1D04C5F3}.Debug|Any CPU.Build.0 = Debug|Any CPU
		{5039D580-827F-462B-BB62-754B1D04C5F3}.Release|Any CPU.ActiveCfg = Release|Any CPU
		{5039D580-827F-462B-BB62-754B1D04C5F3}.Release|Any CPU.Build.0 = Release|Any CPU
		{BBD0C155-331B-4CB2-A1CE-E8DABF597697}.Debug|Any CPU.ActiveCfg = Debug|Any CPU
		{BBD0C155-331B-4CB2-A1CE-E8DABF597697}.Debug|Any CPU.Build.0 = Debug|Any CPU
		{BBD0C155-331B-4CB2-A1CE-E8DABF597697}.Release|Any CPU.ActiveCfg = Release|Any CPU
		{BBD0C155-331B-4CB2-A1CE-E8DABF597697}.Release|Any CPU.Build.0 = Release|Any CPU
		{C47AC9D6-C6AF-45A6-9596-3A63B48EEA9C}.Debug|Any CPU.ActiveCfg = Debug|Any CPU
		{C47AC9D6-C6AF-45A6-9596-3A63B48EEA9C}.Debug|Any CPU.Build.0 = Debug|Any CPU
		{C47AC9D6-C6AF-45A6-9596-3A63B48EEA9C}.Release|Any CPU.ActiveCfg = Release|Any CPU
		{C47AC9D6-C6AF-45A6-9596-3A63B48EEA9C}.Release|Any CPU.Build.0 = Release|Any CPU
		{45A4B5FB-A04C-40E0-BA01-250E2E6C308B}.Debug|Any CPU.ActiveCfg = Debug|Any CPU
		{45A4B5FB-A04C-40E0-BA01-250E2E6C308B}.Debug|Any CPU.Build.0 = Debug|Any CPU
		{45A4B5FB-A04C-40E0-BA01-250E2E6C308B}.Release|Any CPU.ActiveCfg = Release|Any CPU
		{45A4B5FB-A04C-40E0-BA01-250E2E6C308B}.Release|Any CPU.Build.0 = Release|Any CPU
		{0FBE481E-769A-4818-896E-3CD4580CA7A2}.Debug|Any CPU.ActiveCfg = Debug|Any CPU
		{0FBE481E-769A-4818-896E-3CD4580CA7A2}.Debug|Any CPU.Build.0 = Debug|Any CPU
		{0FBE481E-769A-4818-896E-3CD4580CA7A2}.Release|Any CPU.ActiveCfg = Release|Any CPU
		{0FBE481E-769A-4818-896E-3CD4580CA7A2}.Release|Any CPU.Build.0 = Release|Any CPU
		{8096E105-0A0B-446F-89DE-599312C7E25E}.Debug|Any CPU.ActiveCfg = Debug|Any CPU
		{8096E105-0A0B-446F-89DE-599312C7E25E}.Debug|Any CPU.Build.0 = Debug|Any CPU
		{8096E105-0A0B-446F-89DE-599312C7E25E}.Release|Any CPU.ActiveCfg = Release|Any CPU
		{8096E105-0A0B-446F-89DE-599312C7E25E}.Release|Any CPU.Build.0 = Release|Any CPU
		{80D8F7EE-7A63-41DB-9FD4-D0D4D1D69F21}.Debug|Any CPU.ActiveCfg = Debug|Any CPU
		{80D8F7EE-7A63-41DB-9FD4-D0D4D1D69F21}.Debug|Any CPU.Build.0 = Debug|Any CPU
		{80D8F7EE-7A63-41DB-9FD4-D0D4D1D69F21}.Release|Any CPU.ActiveCfg = Release|Any CPU
		{80D8F7EE-7A63-41DB-9FD4-D0D4D1D69F21}.Release|Any CPU.Build.0 = Release|Any CPU
		{4CB11774-2E67-44FD-99C2-FCE1BCD31F77}.Debug|Any CPU.ActiveCfg = Debug|Any CPU
		{4CB11774-2E67-44FD-99C2-FCE1BCD31F77}.Debug|Any CPU.Build.0 = Debug|Any CPU
		{4CB11774-2E67-44FD-99C2-FCE1BCD31F77}.Release|Any CPU.ActiveCfg = Release|Any CPU
		{4CB11774-2E67-44FD-99C2-FCE1BCD31F77}.Release|Any CPU.Build.0 = Release|Any CPU
		{C7B09D09-093F-490E-B4AB-6FE2E22EEFB1}.Debug|Any CPU.ActiveCfg = Debug|Any CPU
		{C7B09D09-093F-490E-B4AB-6FE2E22EEFB1}.Debug|Any CPU.Build.0 = Debug|Any CPU
		{C7B09D09-093F-490E-B4AB-6FE2E22EEFB1}.Release|Any CPU.ActiveCfg = Release|Any CPU
		{C7B09D09-093F-490E-B4AB-6FE2E22EEFB1}.Release|Any CPU.Build.0 = Release|Any CPU
		{296F4F0D-4020-486A-8EAE-F77AF23F7AD3}.Debug|Any CPU.ActiveCfg = Debug|Any CPU
		{296F4F0D-4020-486A-8EAE-F77AF23F7AD3}.Debug|Any CPU.Build.0 = Debug|Any CPU
		{296F4F0D-4020-486A-8EAE-F77AF23F7AD3}.Release|Any CPU.ActiveCfg = Release|Any CPU
		{296F4F0D-4020-486A-8EAE-F77AF23F7AD3}.Release|Any CPU.Build.0 = Release|Any CPU
	EndGlobalSection
	GlobalSection(SolutionProperties) = preSolution
		HideSolutionNode = FALSE
	EndGlobalSection
	GlobalSection(ExtensibilityGlobals) = postSolution
		SolutionGuid = {2EE2AF3E-DFEE-4E30-987F-EFC6D423D331}
	EndGlobalSection
EndGlobal
