
Microsoft Visual Studio Solution File, Format Version 12.00
# Visual Studio 15
VisualStudioVersion = 15.0.27004.2009
MinimumVisualStudioVersion = 10.0.40219.1
Project("{9A19103F-16F7-4668-BE54-9A1E7A4F7556}") = "MN.L10n", "MN.L10n\MN.L10n.csproj", "{C224FF20-ACA4-4F7A-81C9-477F3DDE751A}"
EndProject
Project("{2150E333-8FDC-42A3-9474-1A3956D46DE8}") = "Solution Items", "Solution Items", "{A86D8E4F-5D4C-484C-8EB0-8D103DFF7C7A}"
	ProjectSection(SolutionItems) = preProject
		.gitattributes = .gitattributes
		.gitignore = .gitignore
		CONTRIBUTING.md = CONTRIBUTING.md
		LICENSE.txt = LICENSE.txt
		README.md = README.md
		TROUBLESHOOTING.md = TROUBLESHOOTING.md
	EndProjectSection
EndProject
Project("{9A19103F-16F7-4668-BE54-9A1E7A4F7556}") = "MN.L10n.Javascript", "MN.L10n.Javascript\MN.L10n.Javascript.csproj", "{C2F42349-0F94-4291-A5E9-62806A3960FA}"
EndProject
Project("{9A19103F-16F7-4668-BE54-9A1E7A4F7556}") = "MN.L10n.Mvc", "MN.L10n.Mvc\MN.L10n.Mvc.csproj", "{EEF87587-7240-433D-BD94-8CE635BE6F2E}"
EndProject
Project("{2150E333-8FDC-42A3-9474-1A3956D46DE8}") = "Samples", "Samples", "{EFB14859-8BD4-4313-B5AD-E2B8DE7FAE0F}"
EndProject
Project("{FAE04EC0-301F-11D3-BF4B-00C04F79EFBC}") = "net471ClassLibrary", "net462ClassLibrary\net471ClassLibrary.csproj", "{A32F95EC-8034-451B-9065-EA97FC96DF17}"
EndProject
Project("{9A19103F-16F7-4668-BE54-9A1E7A4F7556}") = "MN.L10n.BuildTasks", "MN.L10n.BuildTasks\MN.L10n.BuildTasks.csproj", "{8E6EE15C-5AC8-43A3-9981-AAB51B266E32}"
EndProject
Project("{FAE04EC0-301F-11D3-BF4B-00C04F79EFBC}") = "MN.L10n.Tests", "MN.L10n.Tests\MN.L10n.Tests.csproj", "{F3D7E5EF-07E9-4E4B-8847-A9E991EE4C8F}"
EndProject
Project("{FAE04EC0-301F-11D3-BF4B-00C04F79EFBC}") = "MN.L10n.Providers", "MN.L10n.Providers\MN.L10n.Providers.csproj", "{62A02430-2039-4380-9322-543A79BF2073}"
EndProject
Global
	GlobalSection(SolutionConfigurationPlatforms) = preSolution
		Debug|Any CPU = Debug|Any CPU
		Release|Any CPU = Release|Any CPU
	EndGlobalSection
	GlobalSection(ProjectConfigurationPlatforms) = postSolution
		{C224FF20-ACA4-4F7A-81C9-477F3DDE751A}.Debug|Any CPU.ActiveCfg = Debug|Any CPU
		{C224FF20-ACA4-4F7A-81C9-477F3DDE751A}.Debug|Any CPU.Build.0 = Debug|Any CPU
		{C224FF20-ACA4-4F7A-81C9-477F3DDE751A}.Release|Any CPU.ActiveCfg = Release|Any CPU
		{C224FF20-ACA4-4F7A-81C9-477F3DDE751A}.Release|Any CPU.Build.0 = Release|Any CPU
		{C2F42349-0F94-4291-A5E9-62806A3960FA}.Debug|Any CPU.ActiveCfg = Debug|Any CPU
		{C2F42349-0F94-4291-A5E9-62806A3960FA}.Debug|Any CPU.Build.0 = Debug|Any CPU
		{C2F42349-0F94-4291-A5E9-62806A3960FA}.Release|Any CPU.ActiveCfg = Release|Any CPU
		{C2F42349-0F94-4291-A5E9-62806A3960FA}.Release|Any CPU.Build.0 = Release|Any CPU
		{EEF87587-7240-433D-BD94-8CE635BE6F2E}.Debug|Any CPU.ActiveCfg = Debug|Any CPU
		{EEF87587-7240-433D-BD94-8CE635BE6F2E}.Debug|Any CPU.Build.0 = Debug|Any CPU
		{EEF87587-7240-433D-BD94-8CE635BE6F2E}.Release|Any CPU.ActiveCfg = Release|Any CPU
		{EEF87587-7240-433D-BD94-8CE635BE6F2E}.Release|Any CPU.Build.0 = Release|Any CPU
		{A32F95EC-8034-451B-9065-EA97FC96DF17}.Debug|Any CPU.ActiveCfg = Debug|Any CPU
		{A32F95EC-8034-451B-9065-EA97FC96DF17}.Debug|Any CPU.Build.0 = Debug|Any CPU
		{A32F95EC-8034-451B-9065-EA97FC96DF17}.Release|Any CPU.ActiveCfg = Release|Any CPU
		{8E6EE15C-5AC8-43A3-9981-AAB51B266E32}.Debug|Any CPU.ActiveCfg = Debug|Any CPU
		{8E6EE15C-5AC8-43A3-9981-AAB51B266E32}.Debug|Any CPU.Build.0 = Debug|Any CPU
		{8E6EE15C-5AC8-43A3-9981-AAB51B266E32}.Release|Any CPU.ActiveCfg = Release|Any CPU
		{8E6EE15C-5AC8-43A3-9981-AAB51B266E32}.Release|Any CPU.Build.0 = Release|Any CPU
		{F3D7E5EF-07E9-4E4B-8847-A9E991EE4C8F}.Debug|Any CPU.ActiveCfg = Debug|Any CPU
		{F3D7E5EF-07E9-4E4B-8847-A9E991EE4C8F}.Debug|Any CPU.Build.0 = Debug|Any CPU
		{F3D7E5EF-07E9-4E4B-8847-A9E991EE4C8F}.Release|Any CPU.ActiveCfg = Release|Any CPU
		{F3D7E5EF-07E9-4E4B-8847-A9E991EE4C8F}.Release|Any CPU.Build.0 = Release|Any CPU
		{62A02430-2039-4380-9322-543A79BF2073}.Debug|Any CPU.ActiveCfg = Debug|Any CPU
		{62A02430-2039-4380-9322-543A79BF2073}.Debug|Any CPU.Build.0 = Debug|Any CPU
		{62A02430-2039-4380-9322-543A79BF2073}.Release|Any CPU.ActiveCfg = Release|Any CPU
		{62A02430-2039-4380-9322-543A79BF2073}.Release|Any CPU.Build.0 = Release|Any CPU
	EndGlobalSection
	GlobalSection(SolutionProperties) = preSolution
		HideSolutionNode = FALSE
	EndGlobalSection
	GlobalSection(NestedProjects) = preSolution
		{A32F95EC-8034-451B-9065-EA97FC96DF17} = {EFB14859-8BD4-4313-B5AD-E2B8DE7FAE0F}
	EndGlobalSection
	GlobalSection(ExtensibilityGlobals) = postSolution
		SolutionGuid = {2EE2AF3E-DFEE-4E30-987F-EFC6D423D331}
	EndGlobalSection
EndGlobal
